
Microsoft Visual Studio Solution File, Format Version 11.00
# Visual Studio 2010
Project("{FAE04EC0-301F-11D3-BF4B-00C04F79EFBC}") = "MerakiSample", "Assembly-CSharp.csproj", "{5F85C270-8ABC-1107-2380-E617E17DE053}"
EndProject
Project("{FAE04EC0-301F-11D3-BF4B-00C04F79EFBC}") = "MerakiSample", "Assembly-CSharp-Editor.csproj", "{8FEBE983-6AA0-31FA-8B07-DBE63F8D6902}"
EndProject
Global
	GlobalSection(SolutionConfigurationPlatforms) = preSolution
		Debug|Any CPU = Debug|Any CPU
		Release|Any CPU = Release|Any CPU
	EndGlobalSection
	GlobalSection(ProjectConfigurationPlatforms) = postSolution
		{5F85C270-8ABC-1107-2380-E617E17DE053}.Debug|Any CPU.ActiveCfg = Debug|Any CPU
		{5F85C270-8ABC-1107-2380-E617E17DE053}.Debug|Any CPU.Build.0 = Debug|Any CPU
		{5F85C270-8ABC-1107-2380-E617E17DE053}.Release|Any CPU.ActiveCfg = Release|Any CPU
		{5F85C270-8ABC-1107-2380-E617E17DE053}.Release|Any CPU.Build.0 = Release|Any CPU
		{8FEBE983-6AA0-31FA-8B07-DBE63F8D6902}.Debug|Any CPU.ActiveCfg = Debug|Any CPU
		{8FEBE983-6AA0-31FA-8B07-DBE63F8D6902}.Debug|Any CPU.Build.0 = Debug|Any CPU
		{8FEBE983-6AA0-31FA-8B07-DBE63F8D6902}.Release|Any CPU.ActiveCfg = Release|Any CPU
		{8FEBE983-6AA0-31FA-8B07-DBE63F8D6902}.Release|Any CPU.Build.0 = Release|Any CPU
	EndGlobalSection
	GlobalSection(SolutionProperties) = preSolution
		HideSolutionNode = FALSE
	EndGlobalSection
	GlobalSection(MonoDevelopProperties) = preSolution
		StartupItem = Assembly-CSharp.csproj
	EndGlobalSection
EndGlobal
